
Microsoft Visual Studio Solution File, Format Version 12.00
# Visual Studio Version 17
VisualStudioVersion = 17.9.34728.123
MinimumVisualStudioVersion = 10.0.40219.1
Project("{FAE04EC0-301F-11D3-BF4B-00C04F79EFBC}") = "Launchtwobats", "Launchtwobats\Launchtwobats.csproj", "{35D00CBF-E32A-4C86-8DF4-5F270CF0F084}"
EndProject
Global
	GlobalSection(SolutionConfigurationPlatforms) = preSolution
		Debug|Any CPU = Debug|Any CPU
		Release|Any CPU = Release|Any CPU
	EndGlobalSection
	GlobalSection(ProjectConfigurationPlatforms) = postSolution
		{35D00CBF-E32A-4C86-8DF4-5F270CF0F084}.Debug|Any CPU.ActiveCfg = Debug|Any CPU
		{35D00CBF-E32A-4C86-8DF4-5F270CF0F084}.Debug|Any CPU.Build.0 = Debug|Any CPU
		{35D00CBF-E32A-4C86-8DF4-5F270CF0F084}.Release|Any CPU.ActiveCfg = Release|Any CPU
		{35D00CBF-E32A-4C86-8DF4-5F270CF0F084}.Release|Any CPU.Build.0 = Release|Any CPU
	EndGlobalSection
	GlobalSection(SolutionProperties) = preSolution
		HideSolutionNode = FALSE
	EndGlobalSection
	GlobalSection(ExtensibilityGlobals) = postSolution
		SolutionGuid = {5A2B96BA-3C6F-4AE7-B36E-E9CBC1B75375}
	EndGlobalSection
EndGlobal
